{
  "name": "ajs-3.2-node",
  "version": "1.0.0",
  "lockfileVersion": 2,
  "requires": true,
  "packages": {
    "": {
      "version": "1.0.0",
      "license": "ISC",
      "dependencies": {
        "@sergius92739/ajs": "^1.0.0"
      }
    },
    "node_modules/@sergius92739/ajs": {
      "version": "1.0.0",
      "resolved": "https://npm.pkg.github.com/download/@sergius92739/ajs/1.0.0/8822d89132a47bb4cb6528bd6a40b410c107fb93a0e6c0599a64267915153574",
      "integrity": "sha512-MIAFO2YFvMwsU938wd2Gih5JRNQsjf9EWviL6u2Pc6bGF4vlIP7WYKqboSDiS9fNSVrt7LE6SuVguBsPjMOZkw==",
      "license": "ISC"
    }
  },
  "dependencies": {
    "@sergius92739/ajs": {
      "version": "1.0.0",
      "resolved": "https://npm.pkg.github.com/download/@sergius92739/ajs/1.0.0/8822d89132a47bb4cb6528bd6a40b410c107fb93a0e6c0599a64267915153574",
      "integrity": "sha512-MIAFO2YFvMwsU938wd2Gih5JRNQsjf9EWviL6u2Pc6bGF4vlIP7WYKqboSDiS9fNSVrt7LE6SuVguBsPjMOZkw=="
    }
  }
}
